{
  "meteor": {},
  "dependencies": {
    "basePackages": {
      "simple-schema": {}
    },
    "packages": {
      "simple-schema": {
        "git": "https://github.com/aldeed/meteor-simple-schema.git",
        "tag": "v0.2.38",
        "commit": "2deec0041fc6cb2666df8cd6a51914e499e95683"
      }
    }
  }
}
